
Microsoft Visual Studio Solution File, Format Version 12.00
# Visual Studio Version 17
VisualStudioVersion = 17.13.35919.96
MinimumVisualStudioVersion = 10.0.40219.1
Project("{8BC9CEB8-8B4A-11D0-8D11-00A0C91BC942}") = "Program", "Program.vcxproj", "{AF6F4D27-56CA-4E1D-942F-071EB52F6964}"
EndProject
Project("{8BC9CEB8-8B4A-11D0-8D11-00A0C91BC942}") = "Class1th (Compile)", "..\Class1th (Compile)\Class1th (Compile).vcxproj", "{F5CDE734-F502-4E8D-BA1E-6E0A501C9657}"
EndProject
Project("{8BC9CEB8-8B4A-11D0-8D11-00A0C91BC942}") = "Class2th (Variable & Constant)", "..\Class2th (Variable & Constant)\Class2th (Variable & Constant).vcxproj", "{F4048A50-DDD6-4320-8A47-A371F7E62EA3}"
EndProject
Project("{8BC9CEB8-8B4A-11D0-8D11-00A0C91BC942}") = "Class3th (Bit)", "..\Class3th (Bit)\Class3th (Bit).vcxproj", "{36753C4E-F10D-4C2E-AD4B-2E7BEC2CF12A}"
EndProject
Project("{8BC9CEB8-8B4A-11D0-8D11-00A0C91BC942}") = "Class4th (Overflow & Underflow)", "..\Class4th (Overflow & Underflow)\Class4th (Overflow & Underflow).vcxproj", "{130D4E86-7F37-45D1-82E0-46923EF6D4D5}"
EndProject
Project("{8BC9CEB8-8B4A-11D0-8D11-00A0C91BC942}") = "Class5th (Conditional Statement)", "..\Class5th (Conditional Statement)\Class5th (Conditional Statement).vcxproj", "{658AC9E5-D1A7-4941-8A6D-72E197711BC4}"
EndProject
Project("{8BC9CEB8-8B4A-11D0-8D11-00A0C91BC942}") = "Class6th (Iteration Statement)", "..\Class6th (Iteration Statement)\Class6th (Iteration Statement).vcxproj", "{A0FB15BB-0041-4D6D-8299-C617AAAC3715}"
EndProject
Project("{8BC9CEB8-8B4A-11D0-8D11-00A0C91BC942}") = "Class7th (Type Conversion)", "..\Class7th (Type Conversion)\Class7th (Type Conversion).vcxproj", "{D55319D5-C2E8-4611-B75B-4B1BCC840DFE}"
EndProject
Project("{8BC9CEB8-8B4A-11D0-8D11-00A0C91BC942}") = "Class8th (Pointer)", "..\Class8th (Pointer)\Class8th (Pointer).vcxproj", "{0BC53CCE-C4B2-47BB-A318-FF1949EFD6D9}"
EndProject
Project("{8BC9CEB8-8B4A-11D0-8D11-00A0C91BC942}") = "Class9th (Array)", "..\Class9th (Array)\Class9th (Array).vcxproj", "{DD4F0BDB-EC4E-47A4-AB29-F8ED377A39CD}"
EndProject
Project("{8BC9CEB8-8B4A-11D0-8D11-00A0C91BC942}") = "Class10th (Function)", "..\Class10th (Function)\Class10th (Function).vcxproj", "{1BF341FB-1635-4CA4-994D-19D53EE4F162}"
EndProject
Project("{8BC9CEB8-8B4A-11D0-8D11-00A0C91BC942}") = "Class11th (Storage)", "..\Class11th (Storage)\Class11th (Storage).vcxproj", "{C9434C07-3FE8-4A63-AD32-8E6DC238374D}"
EndProject
Global
	GlobalSection(SolutionConfigurationPlatforms) = preSolution
		Debug|x64 = Debug|x64
		Debug|x86 = Debug|x86
		Release|x64 = Release|x64
		Release|x86 = Release|x86
	EndGlobalSection
	GlobalSection(ProjectConfigurationPlatforms) = postSolution
		{AF6F4D27-56CA-4E1D-942F-071EB52F6964}.Debug|x64.ActiveCfg = Debug|x64
		{AF6F4D27-56CA-4E1D-942F-071EB52F6964}.Debug|x64.Build.0 = Debug|x64
		{AF6F4D27-56CA-4E1D-942F-071EB52F6964}.Debug|x86.ActiveCfg = Debug|Win32
		{AF6F4D27-56CA-4E1D-942F-071EB52F6964}.Debug|x86.Build.0 = Debug|Win32
		{AF6F4D27-56CA-4E1D-942F-071EB52F6964}.Release|x64.ActiveCfg = Release|x64
		{AF6F4D27-56CA-4E1D-942F-071EB52F6964}.Release|x64.Build.0 = Release|x64
		{AF6F4D27-56CA-4E1D-942F-071EB52F6964}.Release|x86.ActiveCfg = Release|Win32
		{AF6F4D27-56CA-4E1D-942F-071EB52F6964}.Release|x86.Build.0 = Release|Win32
		{F5CDE734-F502-4E8D-BA1E-6E0A501C9657}.Debug|x64.ActiveCfg = Debug|x64
		{F5CDE734-F502-4E8D-BA1E-6E0A501C9657}.Debug|x64.Build.0 = Debug|x64
		{F5CDE734-F502-4E8D-BA1E-6E0A501C9657}.Debug|x86.ActiveCfg = Debug|Win32
		{F5CDE734-F502-4E8D-BA1E-6E0A501C9657}.Debug|x86.Build.0 = Debug|Win32
		{F5CDE734-F502-4E8D-BA1E-6E0A501C9657}.Release|x64.ActiveCfg = Release|x64
		{F5CDE734-F502-4E8D-BA1E-6E0A501C9657}.Release|x64.Build.0 = Release|x64
		{F5CDE734-F502-4E8D-BA1E-6E0A501C9657}.Release|x86.ActiveCfg = Release|Win32
		{F5CDE734-F502-4E8D-BA1E-6E0A501C9657}.Release|x86.Build.0 = Release|Win32
		{F4048A50-DDD6-4320-8A47-A371F7E62EA3}.Debug|x64.ActiveCfg = Debug|x64
		{F4048A50-DDD6-4320-8A47-A371F7E62EA3}.Debug|x64.Build.0 = Debug|x64
		{F4048A50-DDD6-4320-8A47-A371F7E62EA3}.Debug|x86.ActiveCfg = Debug|Win32
		{F4048A50-DDD6-4320-8A47-A371F7E62EA3}.Debug|x86.Build.0 = Debug|Win32
		{F4048A50-DDD6-4320-8A47-A371F7E62EA3}.Release|x64.ActiveCfg = Release|x64
		{F4048A50-DDD6-4320-8A47-A371F7E62EA3}.Release|x64.Build.0 = Release|x64
		{F4048A50-DDD6-4320-8A47-A371F7E62EA3}.Release|x86.ActiveCfg = Release|Win32
		{F4048A50-DDD6-4320-8A47-A371F7E62EA3}.Release|x86.Build.0 = Release|Win32
		{36753C4E-F10D-4C2E-AD4B-2E7BEC2CF12A}.Debug|x64.ActiveCfg = Debug|x64
		{36753C4E-F10D-4C2E-AD4B-2E7BEC2CF12A}.Debug|x64.Build.0 = Debug|x64
		{36753C4E-F10D-4C2E-AD4B-2E7BEC2CF12A}.Debug|x86.ActiveCfg = Debug|Win32
		{36753C4E-F10D-4C2E-AD4B-2E7BEC2CF12A}.Debug|x86.Build.0 = Debug|Win32
		{36753C4E-F10D-4C2E-AD4B-2E7BEC2CF12A}.Release|x64.ActiveCfg = Release|x64
		{36753C4E-F10D-4C2E-AD4B-2E7BEC2CF12A}.Release|x64.Build.0 = Release|x64
		{36753C4E-F10D-4C2E-AD4B-2E7BEC2CF12A}.Release|x86.ActiveCfg = Release|Win32
		{36753C4E-F10D-4C2E-AD4B-2E7BEC2CF12A}.Release|x86.Build.0 = Release|Win32
		{130D4E86-7F37-45D1-82E0-46923EF6D4D5}.Debug|x64.ActiveCfg = Debug|x64
		{130D4E86-7F37-45D1-82E0-46923EF6D4D5}.Debug|x64.Build.0 = Debug|x64
		{130D4E86-7F37-45D1-82E0-46923EF6D4D5}.Debug|x86.ActiveCfg = Debug|Win32
		{130D4E86-7F37-45D1-82E0-46923EF6D4D5}.Debug|x86.Build.0 = Debug|Win32
		{130D4E86-7F37-45D1-82E0-46923EF6D4D5}.Release|x64.ActiveCfg = Release|x64
		{130D4E86-7F37-45D1-82E0-46923EF6D4D5}.Release|x64.Build.0 = Release|x64
		{130D4E86-7F37-45D1-82E0-46923EF6D4D5}.Release|x86.ActiveCfg = Release|Win32
		{130D4E86-7F37-45D1-82E0-46923EF6D4D5}.Release|x86.Build.0 = Release|Win32
		{658AC9E5-D1A7-4941-8A6D-72E197711BC4}.Debug|x64.ActiveCfg = Debug|x64
		{658AC9E5-D1A7-4941-8A6D-72E197711BC4}.Debug|x64.Build.0 = Debug|x64
		{658AC9E5-D1A7-4941-8A6D-72E197711BC4}.Debug|x86.ActiveCfg = Debug|Win32
		{658AC9E5-D1A7-4941-8A6D-72E197711BC4}.Debug|x86.Build.0 = Debug|Win32
		{658AC9E5-D1A7-4941-8A6D-72E197711BC4}.Release|x64.ActiveCfg = Release|x64
		{658AC9E5-D1A7-4941-8A6D-72E197711BC4}.Release|x64.Build.0 = Release|x64
		{658AC9E5-D1A7-4941-8A6D-72E197711BC4}.Release|x86.ActiveCfg = Release|Win32
		{658AC9E5-D1A7-4941-8A6D-72E197711BC4}.Release|x86.Build.0 = Release|Win32
		{A0FB15BB-0041-4D6D-8299-C617AAAC3715}.Debug|x64.ActiveCfg = Debug|x64
		{A0FB15BB-0041-4D6D-8299-C617AAAC3715}.Debug|x64.Build.0 = Debug|x64
		{A0FB15BB-0041-4D6D-8299-C617AAAC3715}.Debug|x86.ActiveCfg = Debug|Win32
		{A0FB15BB-0041-4D6D-8299-C617AAAC3715}.Debug|x86.Build.0 = Debug|Win32
		{A0FB15BB-0041-4D6D-8299-C617AAAC3715}.Release|x64.ActiveCfg = Release|x64
		{A0FB15BB-0041-4D6D-8299-C617AAAC3715}.Release|x64.Build.0 = Release|x64
		{A0FB15BB-0041-4D6D-8299-C617AAAC3715}.Release|x86.ActiveCfg = Release|Win32
		{A0FB15BB-0041-4D6D-8299-C617AAAC3715}.Release|x86.Build.0 = Release|Win32
		{D55319D5-C2E8-4611-B75B-4B1BCC840DFE}.Debug|x64.ActiveCfg = Debug|x64
		{D55319D5-C2E8-4611-B75B-4B1BCC840DFE}.Debug|x64.Build.0 = Debug|x64
		{D55319D5-C2E8-4611-B75B-4B1BCC840DFE}.Debug|x86.ActiveCfg = Debug|Win32
		{D55319D5-C2E8-4611-B75B-4B1BCC840DFE}.Debug|x86.Build.0 = Debug|Win32
		{D55319D5-C2E8-4611-B75B-4B1BCC840DFE}.Release|x64.ActiveCfg = Release|x64
		{D55319D5-C2E8-4611-B75B-4B1BCC840DFE}.Release|x64.Build.0 = Release|x64
		{D55319D5-C2E8-4611-B75B-4B1BCC840DFE}.Release|x86.ActiveCfg = Release|Win32
		{D55319D5-C2E8-4611-B75B-4B1BCC840DFE}.Release|x86.Build.0 = Release|Win32
		{0BC53CCE-C4B2-47BB-A318-FF1949EFD6D9}.Debug|x64.ActiveCfg = Debug|x64
		{0BC53CCE-C4B2-47BB-A318-FF1949EFD6D9}.Debug|x64.Build.0 = Debug|x64
		{0BC53CCE-C4B2-47BB-A318-FF1949EFD6D9}.Debug|x86.ActiveCfg = Debug|Win32
		{0BC53CCE-C4B2-47BB-A318-FF1949EFD6D9}.Debug|x86.Build.0 = Debug|Win32
		{0BC53CCE-C4B2-47BB-A318-FF1949EFD6D9}.Release|x64.ActiveCfg = Release|x64
		{0BC53CCE-C4B2-47BB-A318-FF1949EFD6D9}.Release|x64.Build.0 = Release|x64
		{0BC53CCE-C4B2-47BB-A318-FF1949EFD6D9}.Release|x86.ActiveCfg = Release|Win32
		{0BC53CCE-C4B2-47BB-A318-FF1949EFD6D9}.Release|x86.Build.0 = Release|Win32
		{DD4F0BDB-EC4E-47A4-AB29-F8ED377A39CD}.Debug|x64.ActiveCfg = Debug|x64
		{DD4F0BDB-EC4E-47A4-AB29-F8ED377A39CD}.Debug|x64.Build.0 = Debug|x64
		{DD4F0BDB-EC4E-47A4-AB29-F8ED377A39CD}.Debug|x86.ActiveCfg = Debug|Win32
		{DD4F0BDB-EC4E-47A4-AB29-F8ED377A39CD}.Debug|x86.Build.0 = Debug|Win32
		{DD4F0BDB-EC4E-47A4-AB29-F8ED377A39CD}.Release|x64.ActiveCfg = Release|x64
		{DD4F0BDB-EC4E-47A4-AB29-F8ED377A39CD}.Release|x64.Build.0 = Release|x64
		{DD4F0BDB-EC4E-47A4-AB29-F8ED377A39CD}.Release|x86.ActiveCfg = Release|Win32
		{DD4F0BDB-EC4E-47A4-AB29-F8ED377A39CD}.Release|x86.Build.0 = Release|Win32
		{1BF341FB-1635-4CA4-994D-19D53EE4F162}.Debug|x64.ActiveCfg = Debug|x64
		{1BF341FB-1635-4CA4-994D-19D53EE4F162}.Debug|x64.Build.0 = Debug|x64
		{1BF341FB-1635-4CA4-994D-19D53EE4F162}.Debug|x86.ActiveCfg = Debug|Win32
		{1BF341FB-1635-4CA4-994D-19D53EE4F162}.Debug|x86.Build.0 = Debug|Win32
		{1BF341FB-1635-4CA4-994D-19D53EE4F162}.Release|x64.ActiveCfg = Release|x64
		{1BF341FB-1635-4CA4-994D-19D53EE4F162}.Release|x64.Build.0 = Release|x64
		{1BF341FB-1635-4CA4-994D-19D53EE4F162}.Release|x86.ActiveCfg = Release|Win32
		{1BF341FB-1635-4CA4-994D-19D53EE4F162}.Release|x86.Build.0 = Release|Win32
		{C9434C07-3FE8-4A63-AD32-8E6DC238374D}.Debug|x64.ActiveCfg = Debug|x64
		{C9434C07-3FE8-4A63-AD32-8E6DC238374D}.Debug|x64.Build.0 = Debug|x64
		{C9434C07-3FE8-4A63-AD32-8E6DC238374D}.Debug|x86.ActiveCfg = Debug|Win32
		{C9434C07-3FE8-4A63-AD32-8E6DC238374D}.Debug|x86.Build.0 = Debug|Win32
		{C9434C07-3FE8-4A63-AD32-8E6DC238374D}.Release|x64.ActiveCfg = Release|x64
		{C9434C07-3FE8-4A63-AD32-8E6DC238374D}.Release|x64.Build.0 = Release|x64
		{C9434C07-3FE8-4A63-AD32-8E6DC238374D}.Release|x86.ActiveCfg = Release|Win32
		{C9434C07-3FE8-4A63-AD32-8E6DC238374D}.Release|x86.Build.0 = Release|Win32
	EndGlobalSection
	GlobalSection(SolutionProperties) = preSolution
		HideSolutionNode = FALSE
	EndGlobalSection
	GlobalSection(ExtensibilityGlobals) = postSolution
		SolutionGuid = {320AB756-B2E0-4945-A6EC-CFC8AE516B6B}
	EndGlobalSection
EndGlobal
